{
  "name": "School_management_system_backend",
  "lockfileVersion": 3,
  "requires": true,
  "packages": {
    "": {
      "devDependencies": {
        "@types/eslint-config-prettier": "^6.11.3"
      }
    },
    "node_modules/@types/eslint-config-prettier": {
      "version": "6.11.3",
      "resolved": "https://registry.npmjs.org/@types/eslint-config-prettier/-/eslint-config-prettier-6.11.3.tgz",
      "integrity": "sha512-3wXCiM8croUnhg9LdtZUJQwNcQYGWxxdOWDjPe1ykCqJFPVpzAKfs/2dgSoCtAvdPeaponcWPI7mPcGGp9dkKQ==",
      "dev": true,
      "license": "MIT"
    }
  }
}
